// !$*UTF8*$!
{
	archiveVersion = 1;
	classes = {
	};
	objectVersion = 55;
	objects = {

/* Begin PBXBuildFile section */
		7A09E0DF2726A8E200E5789B /* Friend.swift in Sources */ = {isa = PBXBuildFile; fileRef = 7A09E0DE2726A8E200E5789B /* Friend.swift */; };
		7A09E0E12726A95C00E5789B /* Group.swift in Sources */ = {isa = PBXBuildFile; fileRef = 7A09E0E02726A95C00E5789B /* Group.swift */; };
		7A09E0E32726AA8A00E5789B /* FriendRow.swift in Sources */ = {isa = PBXBuildFile; fileRef = 7A09E0E22726AA8A00E5789B /* FriendRow.swift */; };
		7A09E0E52726AA9200E5789B /* GroupRow.swift in Sources */ = {isa = PBXBuildFile; fileRef = 7A09E0E42726AA9200E5789B /* GroupRow.swift */; };
		7A09E0EE2726F4D500E5789B /* ItemRow.swift in Sources */ = {isa = PBXBuildFile; fileRef = 7A09E0ED2726F4D500E5789B /* ItemRow.swift */; };
		7A2D45B627273C90005A1318 /* FriendsView.swift in Sources */ = {isa = PBXBuildFile; fileRef = 7A2D45B527273C90005A1318 /* FriendsView.swift */; };
		7A2D45B827273C98005A1318 /* GroupsView.swift in Sources */ = {isa = PBXBuildFile; fileRef = 7A2D45B727273C98005A1318 /* GroupsView.swift */; };
		7A5AA9D227370E5700A875C0 /* VKLoginWebView.swift in Sources */ = {isa = PBXBuildFile; fileRef = 7A5AA9D127370E5700A875C0 /* VKLoginWebView.swift */; };
		7A5AA9D52738387600A875C0 /* FriendsViewModel.swift in Sources */ = {isa = PBXBuildFile; fileRef = 7A5AA9D42738387600A875C0 /* FriendsViewModel.swift */; };
		7A5AA9D82738396300A875C0 /* VKService.swift in Sources */ = {isa = PBXBuildFile; fileRef = 7A5AA9D72738396300A875C0 /* VKService.swift */; };
		7A5AA9DA2738425A00A875C0 /* VKResponse.swift in Sources */ = {isa = PBXBuildFile; fileRef = 7A5AA9D92738425A00A875C0 /* VKResponse.swift */; };
		7A5AA9DD2738470D00A875C0 /* Kingfisher in Frameworks */ = {isa = PBXBuildFile; productRef = 7A5AA9DC2738470D00A875C0 /* Kingfisher */; };
		7A5AA9DF2738485400A875C0 /* CircleImage.swift in Sources */ = {isa = PBXBuildFile; fileRef = 7A5AA9DE2738485400A875C0 /* CircleImage.swift */; };
		7A765FEF2721E2660055E17B /* Assets.xcassets in Resources */ = {isa = PBXBuildFile; fileRef = 7A765FEE2721E2660055E17B /* Assets.xcassets */; };
		7A765FF22721E2660055E17B /* Preview Assets.xcassets in Resources */ = {isa = PBXBuildFile; fileRef = 7A765FF12721E2660055E17B /* Preview Assets.xcassets */; };
		7A84276D274BBA9A00920FD1 /* AppDelegate.swift in Sources */ = {isa = PBXBuildFile; fileRef = 7A84276C274BBA9A00920FD1 /* AppDelegate.swift */; };
		7A84276F274BBB4400920FD1 /* SceneDelegate.swift in Sources */ = {isa = PBXBuildFile; fileRef = 7A84276E274BBB4400920FD1 /* SceneDelegate.swift */; };
		7A842774274BC79F00920FD1 /* MainCoordinator.swift in Sources */ = {isa = PBXBuildFile; fileRef = 7A842773274BC79F00920FD1 /* MainCoordinator.swift */; };
		7A898033274C178B00803ECF /* MainTabBarController.swift in Sources */ = {isa = PBXBuildFile; fileRef = 7A898032274C178B00803ECF /* MainTabBarController.swift */; };
		7A898035274C200200803ECF /* LoginViewModel.swift in Sources */ = {isa = PBXBuildFile; fileRef = 7A898034274C200200803ECF /* LoginViewModel.swift */; };
		7AB3F9AB2742FBD1009A72FC /* LikeButton.swift in Sources */ = {isa = PBXBuildFile; fileRef = 7AB3F9AA2742FBD1009A72FC /* LikeButton.swift */; };
		7AC8D7E62729975700F9412C /* ListWithoutSeparator.swift in Sources */ = {isa = PBXBuildFile; fileRef = 7AC8D7E52729975700F9412C /* ListWithoutSeparator.swift */; };
		7AC8D7E92729E82600F9412C /* FriendDetailView.swift in Sources */ = {isa = PBXBuildFile; fileRef = 7AC8D7E82729E82600F9412C /* FriendDetailView.swift */; };
		7AC8D7EB2729E86D00F9412C /* GroupDetailView.swift in Sources */ = {isa = PBXBuildFile; fileRef = 7AC8D7EA2729E86D00F9412C /* GroupDetailView.swift */; };
		7AC8D7ED2729F11A00F9412C /* TextInfo.swift in Sources */ = {isa = PBXBuildFile; fileRef = 7AC8D7EC2729F11A00F9412C /* TextInfo.swift */; };
		7ACAAF35272B3FB300B73B1D /* NewsView.swift in Sources */ = {isa = PBXBuildFile; fileRef = 7ACAAF34272B3FB300B73B1D /* NewsView.swift */; };
		7ACAAF37272B3FC400B73B1D /* NewsDetailView.swift in Sources */ = {isa = PBXBuildFile; fileRef = 7ACAAF36272B3FC400B73B1D /* NewsDetailView.swift */; };
		7ACAAF39272B3FCB00B73B1D /* NewsRow.swift in Sources */ = {isa = PBXBuildFile; fileRef = 7ACAAF38272B3FCB00B73B1D /* NewsRow.swift */; };
		7ACAAF3B272B3FD800B73B1D /* News.swift in Sources */ = {isa = PBXBuildFile; fileRef = 7ACAAF3A272B3FD800B73B1D /* News.swift */; };
		7AD22B8A2726F8A300D6EAC9 /* Image+.swift in Sources */ = {isa = PBXBuildFile; fileRef = 7AD22B892726F8A300D6EAC9 /* Image+.swift */; };
/* End PBXBuildFile section */

/* Begin PBXFileReference section */
		7A09E0DE2726A8E200E5789B /* Friend.swift */ = {isa = PBXFileReference; lastKnownFileType = sourcecode.swift; path = Friend.swift; sourceTree = "<group>"; };
		7A09E0E02726A95C00E5789B /* Group.swift */ = {isa = PBXFileReference; lastKnownFileType = sourcecode.swift; path = Group.swift; sourceTree = "<group>"; };
		7A09E0E22726AA8A00E5789B /* FriendRow.swift */ = {isa = PBXFileReference; lastKnownFileType = sourcecode.swift; path = FriendRow.swift; sourceTree = "<group>"; };
		7A09E0E42726AA9200E5789B /* GroupRow.swift */ = {isa = PBXFileReference; lastKnownFileType = sourcecode.swift; path = GroupRow.swift; sourceTree = "<group>"; };
		7A09E0ED2726F4D500E5789B /* ItemRow.swift */ = {isa = PBXFileReference; lastKnownFileType = sourcecode.swift; path = ItemRow.swift; sourceTree = "<group>"; };
		7A2D45B527273C90005A1318 /* FriendsView.swift */ = {isa = PBXFileReference; lastKnownFileType = sourcecode.swift; path = FriendsView.swift; sourceTree = "<group>"; };
		7A2D45B727273C98005A1318 /* GroupsView.swift */ = {isa = PBXFileReference; lastKnownFileType = sourcecode.swift; path = GroupsView.swift; sourceTree = "<group>"; };
		7A5AA9D127370E5700A875C0 /* VKLoginWebView.swift */ = {isa = PBXFileReference; lastKnownFileType = sourcecode.swift; path = VKLoginWebView.swift; sourceTree = "<group>"; };
		7A5AA9D42738387600A875C0 /* FriendsViewModel.swift */ = {isa = PBXFileReference; lastKnownFileType = sourcecode.swift; path = FriendsViewModel.swift; sourceTree = "<group>"; };
		7A5AA9D72738396300A875C0 /* VKService.swift */ = {isa = PBXFileReference; lastKnownFileType = sourcecode.swift; path = VKService.swift; sourceTree = "<group>"; };
		7A5AA9D92738425A00A875C0 /* VKResponse.swift */ = {isa = PBXFileReference; lastKnownFileType = sourcecode.swift; path = VKResponse.swift; sourceTree = "<group>"; };
		7A5AA9DE2738485400A875C0 /* CircleImage.swift */ = {isa = PBXFileReference; lastKnownFileType = sourcecode.swift; path = CircleImage.swift; sourceTree = "<group>"; };
		7A765FE72721E2630055E17B /* SwiftUILearning.app */ = {isa = PBXFileReference; explicitFileType = wrapper.application; includeInIndex = 0; path = SwiftUILearning.app; sourceTree = BUILT_PRODUCTS_DIR; };
		7A765FEE2721E2660055E17B /* Assets.xcassets */ = {isa = PBXFileReference; lastKnownFileType = folder.assetcatalog; path = Assets.xcassets; sourceTree = "<group>"; };
		7A765FF12721E2660055E17B /* Preview Assets.xcassets */ = {isa = PBXFileReference; lastKnownFileType = folder.assetcatalog; path = "Preview Assets.xcassets"; sourceTree = "<group>"; };
		7A84276C274BBA9A00920FD1 /* AppDelegate.swift */ = {isa = PBXFileReference; lastKnownFileType = sourcecode.swift; path = AppDelegate.swift; sourceTree = "<group>"; };
		7A84276E274BBB4400920FD1 /* SceneDelegate.swift */ = {isa = PBXFileReference; lastKnownFileType = sourcecode.swift; path = SceneDelegate.swift; sourceTree = "<group>"; };
		7A842770274BBB6C00920FD1 /* Info.plist */ = {isa = PBXFileReference; lastKnownFileType = text.plist.xml; path = Info.plist; sourceTree = "<group>"; };
		7A842773274BC79F00920FD1 /* MainCoordinator.swift */ = {isa = PBXFileReference; lastKnownFileType = sourcecode.swift; path = MainCoordinator.swift; sourceTree = "<group>"; };
		7A898032274C178B00803ECF /* MainTabBarController.swift */ = {isa = PBXFileReference; lastKnownFileType = sourcecode.swift; path = MainTabBarController.swift; sourceTree = "<group>"; };
		7A898034274C200200803ECF /* LoginViewModel.swift */ = {isa = PBXFileReference; lastKnownFileType = sourcecode.swift; path = LoginViewModel.swift; sourceTree = "<group>"; };
		7AB3F9AA2742FBD1009A72FC /* LikeButton.swift */ = {isa = PBXFileReference; lastKnownFileType = sourcecode.swift; path = LikeButton.swift; sourceTree = "<group>"; };
		7AC8D7E52729975700F9412C /* ListWithoutSeparator.swift */ = {isa = PBXFileReference; lastKnownFileType = sourcecode.swift; path = ListWithoutSeparator.swift; sourceTree = "<group>"; };
		7AC8D7E82729E82600F9412C /* FriendDetailView.swift */ = {isa = PBXFileReference; lastKnownFileType = sourcecode.swift; path = FriendDetailView.swift; sourceTree = "<group>"; };
		7AC8D7EA2729E86D00F9412C /* GroupDetailView.swift */ = {isa = PBXFileReference; lastKnownFileType = sourcecode.swift; path = GroupDetailView.swift; sourceTree = "<group>"; };
		7AC8D7EC2729F11A00F9412C /* TextInfo.swift */ = {isa = PBXFileReference; lastKnownFileType = sourcecode.swift; path = TextInfo.swift; sourceTree = "<group>"; };
		7ACAAF34272B3FB300B73B1D /* NewsView.swift */ = {isa = PBXFileReference; lastKnownFileType = sourcecode.swift; path = NewsView.swift; sourceTree = "<group>"; };
		7ACAAF36272B3FC400B73B1D /* NewsDetailView.swift */ = {isa = PBXFileReference; lastKnownFileType = sourcecode.swift; path = NewsDetailView.swift; sourceTree = "<group>"; };
		7ACAAF38272B3FCB00B73B1D /* NewsRow.swift */ = {isa = PBXFileReference; lastKnownFileType = sourcecode.swift; path = NewsRow.swift; sourceTree = "<group>"; };
		7ACAAF3A272B3FD800B73B1D /* News.swift */ = {isa = PBXFileReference; lastKnownFileType = sourcecode.swift; path = News.swift; sourceTree = "<group>"; };
		7AD22B892726F8A300D6EAC9 /* Image+.swift */ = {isa = PBXFileReference; lastKnownFileType = sourcecode.swift; path = "Image+.swift"; sourceTree = "<group>"; };
/* End PBXFileReference section */

/* Begin PBXFrameworksBuildPhase section */
		7A765FE42721E2630055E17B /* Frameworks */ = {
			isa = PBXFrameworksBuildPhase;
			buildActionMask = 2147483647;
			files = (
				7A5AA9DD2738470D00A875C0 /* Kingfisher in Frameworks */,
			);
			runOnlyForDeploymentPostprocessing = 0;
		};
/* End PBXFrameworksBuildPhase section */

/* Begin PBXGroup section */
		7A09E0DD2726A8C800E5789B /* Models */ = {
			isa = PBXGroup;
			children = (
				7A09E0DE2726A8E200E5789B /* Friend.swift */,
				7A09E0E02726A95C00E5789B /* Group.swift */,
				7ACAAF3A272B3FD800B73B1D /* News.swift */,
			);
			path = Models;
			sourceTree = "<group>";
		};
		7A09E0E82726AE9600E5789B /* Navigation */ = {
			isa = PBXGroup;
			children = (
				7A842773274BC79F00920FD1 /* MainCoordinator.swift */,
			);
			path = Navigation;
			sourceTree = "<group>";
		};
		7A2D45BA2727511B005A1318 /* Friends */ = {
			isa = PBXGroup;
			children = (
				7A09E0E22726AA8A00E5789B /* FriendRow.swift */,
				7A2D45B527273C90005A1318 /* FriendsView.swift */,
				7AC8D7E82729E82600F9412C /* FriendDetailView.swift */,
			);
			path = Friends;
			sourceTree = "<group>";
		};
		7A2D45BB27275125005A1318 /* Groups */ = {
			isa = PBXGroup;
			children = (
				7A09E0E42726AA9200E5789B /* GroupRow.swift */,
				7A2D45B727273C98005A1318 /* GroupsView.swift */,
				7AC8D7EA2729E86D00F9412C /* GroupDetailView.swift */,
			);
			path = Groups;
			sourceTree = "<group>";
		};
		7A2D45BC2727514E005A1318 /* Helpers */ = {
			isa = PBXGroup;
			children = (
				7AC8D7E72729E78F00F9412C /* Views */,
				7AD22B882726F87E00D6EAC9 /* View Modifiers */,
			);
			path = Helpers;
			sourceTree = "<group>";
		};
		7A5AA9D32738385800A875C0 /* View Models */ = {
			isa = PBXGroup;
			children = (
				7A5AA9D42738387600A875C0 /* FriendsViewModel.swift */,
				7A898034274C200200803ECF /* LoginViewModel.swift */,
			);
			path = "View Models";
			sourceTree = "<group>";
		};
		7A5AA9D62738395600A875C0 /* Services */ = {
			isa = PBXGroup;
			children = (
				7A5AA9D72738396300A875C0 /* VKService.swift */,
				7A5AA9D92738425A00A875C0 /* VKResponse.swift */,
			);
			path = Services;
			sourceTree = "<group>";
		};
		7A765FDE2721E2630055E17B = {
			isa = PBXGroup;
			children = (
				7A765FE92721E2630055E17B /* SwiftUILearning */,
				7A765FE82721E2630055E17B /* Products */,
			);
			sourceTree = "<group>";
		};
		7A765FE82721E2630055E17B /* Products */ = {
			isa = PBXGroup;
			children = (
				7A765FE72721E2630055E17B /* SwiftUILearning.app */,
			);
			name = Products;
			sourceTree = "<group>";
		};
		7A765FE92721E2630055E17B /* SwiftUILearning */ = {
			isa = PBXGroup;
			children = (
				7A842772274BBBFA00920FD1 /* AppDelegate */,
				7A09E0E82726AE9600E5789B /* Navigation */,
				7A765FF82721E3960055E17B /* Flows */,
				7A5AA9D32738385800A875C0 /* View Models */,
				7A09E0DD2726A8C800E5789B /* Models */,
				7A5AA9D62738395600A875C0 /* Services */,
				7A842771274BBBEE00920FD1 /* Environment */,
				7A765FEE2721E2660055E17B /* Assets.xcassets */,
				7A765FF02721E2660055E17B /* Preview Content */,
			);
			path = SwiftUILearning;
			sourceTree = "<group>";
		};
		7A765FF02721E2660055E17B /* Preview Content */ = {
			isa = PBXGroup;
			children = (
				7A765FF12721E2660055E17B /* Preview Assets.xcassets */,
			);
			path = "Preview Content";
			sourceTree = "<group>";
		};
		7A765FF82721E3960055E17B /* Flows */ = {
			isa = PBXGroup;
			children = (
				7A898032274C178B00803ECF /* MainTabBarController.swift */,
				7A5AA9D127370E5700A875C0 /* VKLoginWebView.swift */,
				7A2D45BA2727511B005A1318 /* Friends */,
				7A2D45BB27275125005A1318 /* Groups */,
				7ACAAF33272B3FA700B73B1D /* News */,
				7A2D45BC2727514E005A1318 /* Helpers */,
			);
			path = Flows;
			sourceTree = "<group>";
		};
		7A842771274BBBEE00920FD1 /* Environment */ = {
			isa = PBXGroup;
			children = (
				7A842770274BBB6C00920FD1 /* Info.plist */,
			);
			path = Environment;
			sourceTree = "<group>";
		};
		7A842772274BBBFA00920FD1 /* AppDelegate */ = {
			isa = PBXGroup;
			children = (
				7A84276C274BBA9A00920FD1 /* AppDelegate.swift */,
				7A84276E274BBB4400920FD1 /* SceneDelegate.swift */,
			);
			path = AppDelegate;
			sourceTree = "<group>";
		};
		7AC8D7E72729E78F00F9412C /* Views */ = {
			isa = PBXGroup;
			children = (
				7A09E0ED2726F4D500E5789B /* ItemRow.swift */,
				7AC8D7E52729975700F9412C /* ListWithoutSeparator.swift */,
				7AB3F9AA2742FBD1009A72FC /* LikeButton.swift */,
			);
			path = Views;
			sourceTree = "<group>";
		};
		7ACAAF33272B3FA700B73B1D /* News */ = {
			isa = PBXGroup;
			children = (
				7ACAAF38272B3FCB00B73B1D /* NewsRow.swift */,
				7ACAAF34272B3FB300B73B1D /* NewsView.swift */,
				7ACAAF36272B3FC400B73B1D /* NewsDetailView.swift */,
			);
			path = News;
			sourceTree = "<group>";
		};
		7AD22B882726F87E00D6EAC9 /* View Modifiers */ = {
			isa = PBXGroup;
			children = (
				7AD22B892726F8A300D6EAC9 /* Image+.swift */,
				7AC8D7EC2729F11A00F9412C /* TextInfo.swift */,
				7A5AA9DE2738485400A875C0 /* CircleImage.swift */,
			);
			path = "View Modifiers";
			sourceTree = "<group>";
		};
/* End PBXGroup section */

/* Begin PBXNativeTarget section */
		7A765FE62721E2630055E17B /* SwiftUILearning */ = {
			isa = PBXNativeTarget;
			buildConfigurationList = 7A765FF52721E2660055E17B /* Build configuration list for PBXNativeTarget "SwiftUILearning" */;
			buildPhases = (
				7A765FE32721E2630055E17B /* Sources */,
				7A765FE42721E2630055E17B /* Frameworks */,
				7A765FE52721E2630055E17B /* Resources */,
			);
			buildRules = (
			);
			dependencies = (
			);
			name = SwiftUILearning;
			packageProductDependencies = (
				7A5AA9DC2738470D00A875C0 /* Kingfisher */,
			);
			productName = SwiftUILearning;
			productReference = 7A765FE72721E2630055E17B /* SwiftUILearning.app */;
			productType = "com.apple.product-type.application";
		};
/* End PBXNativeTarget section */

/* Begin PBXProject section */
		7A765FDF2721E2630055E17B /* Project object */ = {
			isa = PBXProject;
			attributes = {
				BuildIndependentTargetsInParallel = 1;
				LastSwiftUpdateCheck = 1300;
				LastUpgradeCheck = 1300;
				TargetAttributes = {
					7A765FE62721E2630055E17B = {
						CreatedOnToolsVersion = 13.0;
					};
				};
			};
			buildConfigurationList = 7A765FE22721E2630055E17B /* Build configuration list for PBXProject "SwiftUILearning" */;
			compatibilityVersion = "Xcode 13.0";
			developmentRegion = en;
			hasScannedForEncodings = 0;
			knownRegions = (
				en,
				Base,
			);
			mainGroup = 7A765FDE2721E2630055E17B;
			packageReferences = (
				7A5AA9DB2738470D00A875C0 /* XCRemoteSwiftPackageReference "Kingfisher" */,
			);
			productRefGroup = 7A765FE82721E2630055E17B /* Products */;
			projectDirPath = "";
			projectRoot = "";
			targets = (
				7A765FE62721E2630055E17B /* SwiftUILearning */,
			);
		};
/* End PBXProject section */

/* Begin PBXResourcesBuildPhase section */
		7A765FE52721E2630055E17B /* Resources */ = {
			isa = PBXResourcesBuildPhase;
			buildActionMask = 2147483647;
			files = (
				7A765FF22721E2660055E17B /* Preview Assets.xcassets in Resources */,
				7A765FEF2721E2660055E17B /* Assets.xcassets in Resources */,
			);
			runOnlyForDeploymentPostprocessing = 0;
		};
/* End PBXResourcesBuildPhase section */

/* Begin PBXSourcesBuildPhase section */
		7A765FE32721E2630055E17B /* Sources */ = {
			isa = PBXSourcesBuildPhase;
			buildActionMask = 2147483647;
			files = (
				7A5AA9D227370E5700A875C0 /* VKLoginWebView.swift in Sources */,
				7AC8D7E92729E82600F9412C /* FriendDetailView.swift in Sources */,
				7A898033274C178B00803ECF /* MainTabBarController.swift in Sources */,
				7ACAAF3B272B3FD800B73B1D /* News.swift in Sources */,
				7A84276D274BBA9A00920FD1 /* AppDelegate.swift in Sources */,
				7A2D45B827273C98005A1318 /* GroupsView.swift in Sources */,
				7ACAAF35272B3FB300B73B1D /* NewsView.swift in Sources */,
				7A09E0DF2726A8E200E5789B /* Friend.swift in Sources */,
				7A5AA9DA2738425A00A875C0 /* VKResponse.swift in Sources */,
				7AC8D7ED2729F11A00F9412C /* TextInfo.swift in Sources */,
				7AB3F9AB2742FBD1009A72FC /* LikeButton.swift in Sources */,
				7A842774274BC79F00920FD1 /* MainCoordinator.swift in Sources */,
				7A84276F274BBB4400920FD1 /* SceneDelegate.swift in Sources */,
				7A09E0E52726AA9200E5789B /* GroupRow.swift in Sources */,
				7A898035274C200200803ECF /* LoginViewModel.swift in Sources */,
				7A09E0E32726AA8A00E5789B /* FriendRow.swift in Sources */,
				7A5AA9D52738387600A875C0 /* FriendsViewModel.swift in Sources */,
				7A2D45B627273C90005A1318 /* FriendsView.swift in Sources */,
				7A09E0EE2726F4D500E5789B /* ItemRow.swift in Sources */,
				7ACAAF39272B3FCB00B73B1D /* NewsRow.swift in Sources */,
				7AC8D7EB2729E86D00F9412C /* GroupDetailView.swift in Sources */,
				7AD22B8A2726F8A300D6EAC9 /* Image+.swift in Sources */,
				7A09E0E12726A95C00E5789B /* Group.swift in Sources */,
				7A5AA9D82738396300A875C0 /* VKService.swift in Sources */,
				7ACAAF37272B3FC400B73B1D /* NewsDetailView.swift in Sources */,
				7A5AA9DF2738485400A875C0 /* CircleImage.swift in Sources */,
				7AC8D7E62729975700F9412C /* ListWithoutSeparator.swift in Sources */,
			);
			runOnlyForDeploymentPostprocessing = 0;
		};
/* End PBXSourcesBuildPhase section */

/* Begin XCBuildConfiguration section */
		7A765FF32721E2660055E17B /* Debug */ = {
			isa = XCBuildConfiguration;
			buildSettings = {
				ALWAYS_SEARCH_USER_PATHS = NO;
				CLANG_ANALYZER_NONNULL = YES;
				CLANG_ANALYZER_NUMBER_OBJECT_CONVERSION = YES_AGGRESSIVE;
				CLANG_CXX_LANGUAGE_STANDARD = "gnu++17";
				CLANG_CXX_LIBRARY = "libc++";
				CLANG_ENABLE_MODULES = YES;
				CLANG_ENABLE_OBJC_ARC = YES;
				CLANG_ENABLE_OBJC_WEAK = YES;
				CLANG_WARN_BLOCK_CAPTURE_AUTORELEASING = YES;
				CLANG_WARN_BOOL_CONVERSION = YES;
				CLANG_WARN_COMMA = YES;
				CLANG_WARN_CONSTANT_CONVERSION = YES;
				CLANG_WARN_DEPRECATED_OBJC_IMPLEMENTATIONS = YES;
				CLANG_WARN_DIRECT_OBJC_ISA_USAGE = YES_ERROR;
				CLANG_WARN_DOCUMENTATION_COMMENTS = YES;
				CLANG_WARN_EMPTY_BODY = YES;
				CLANG_WARN_ENUM_CONVERSION = YES;
				CLANG_WARN_INFINITE_RECURSION = YES;
				CLANG_WARN_INT_CONVERSION = YES;
				CLANG_WARN_NON_LITERAL_NULL_CONVERSION = YES;
				CLANG_WARN_OBJC_IMPLICIT_RETAIN_SELF = YES;
				CLANG_WARN_OBJC_LITERAL_CONVERSION = YES;
				CLANG_WARN_OBJC_ROOT_CLASS = YES_ERROR;
				CLANG_WARN_QUOTED_INCLUDE_IN_FRAMEWORK_HEADER = YES;
				CLANG_WARN_RANGE_LOOP_ANALYSIS = YES;
				CLANG_WARN_STRICT_PROTOTYPES = YES;
				CLANG_WARN_SUSPICIOUS_MOVE = YES;
				CLANG_WARN_UNGUARDED_AVAILABILITY = YES_AGGRESSIVE;
				CLANG_WARN_UNREACHABLE_CODE = YES;
				CLANG_WARN__DUPLICATE_METHOD_MATCH = YES;
				COPY_PHASE_STRIP = NO;
				DEBUG_INFORMATION_FORMAT = dwarf;
				ENABLE_STRICT_OBJC_MSGSEND = YES;
				ENABLE_TESTABILITY = YES;
				GCC_C_LANGUAGE_STANDARD = gnu11;
				GCC_DYNAMIC_NO_PIC = NO;
				GCC_NO_COMMON_BLOCKS = YES;
				GCC_OPTIMIZATION_LEVEL = 0;
				GCC_PREPROCESSOR_DEFINITIONS = (
					"DEBUG=1",
					"$(inherited)",
				);
				GCC_WARN_64_TO_32_BIT_CONVERSION = YES;
				GCC_WARN_ABOUT_RETURN_TYPE = YES_ERROR;
				GCC_WARN_UNDECLARED_SELECTOR = YES;
				GCC_WARN_UNINITIALIZED_AUTOS = YES_AGGRESSIVE;
				GCC_WARN_UNUSED_FUNCTION = YES;
				GCC_WARN_UNUSED_VARIABLE = YES;
				IPHONEOS_DEPLOYMENT_TARGET = 15.0;
				MTL_ENABLE_DEBUG_INFO = INCLUDE_SOURCE;
				MTL_FAST_MATH = YES;
				ONLY_ACTIVE_ARCH = YES;
				SDKROOT = iphoneos;
				SWIFT_ACTIVE_COMPILATION_CONDITIONS = DEBUG;
				SWIFT_OPTIMIZATION_LEVEL = "-Onone";
			};
			name = Debug;
		};
		7A765FF42721E2660055E17B /* Release */ = {
			isa = XCBuildConfiguration;
			buildSettings = {
				ALWAYS_SEARCH_USER_PATHS = NO;
				CLANG_ANALYZER_NONNULL = YES;
				CLANG_ANALYZER_NUMBER_OBJECT_CONVERSION = YES_AGGRESSIVE;
				CLANG_CXX_LANGUAGE_STANDARD = "gnu++17";
				CLANG_CXX_LIBRARY = "libc++";
				CLANG_ENABLE_MODULES = YES;
				CLANG_ENABLE_OBJC_ARC = YES;
				CLANG_ENABLE_OBJC_WEAK = YES;
				CLANG_WARN_BLOCK_CAPTURE_AUTORELEASING = YES;
				CLANG_WARN_BOOL_CONVERSION = YES;
				CLANG_WARN_COMMA = YES;
				CLANG_WARN_CONSTANT_CONVERSION = YES;
				CLANG_WARN_DEPRECATED_OBJC_IMPLEMENTATIONS = YES;
				CLANG_WARN_DIRECT_OBJC_ISA_USAGE = YES_ERROR;
				CLANG_WARN_DOCUMENTATION_COMMENTS = YES;
				CLANG_WARN_EMPTY_BODY = YES;
				CLANG_WARN_ENUM_CONVERSION = YES;
				CLANG_WARN_INFINITE_RECURSION = YES;
				CLANG_WARN_INT_CONVERSION = YES;
				CLANG_WARN_NON_LITERAL_NULL_CONVERSION = YES;
				CLANG_WARN_OBJC_IMPLICIT_RETAIN_SELF = YES;
				CLANG_WARN_OBJC_LITERAL_CONVERSION = YES;
				CLANG_WARN_OBJC_ROOT_CLASS = YES_ERROR;
				CLANG_WARN_QUOTED_INCLUDE_IN_FRAMEWORK_HEADER = YES;
				CLANG_WARN_RANGE_LOOP_ANALYSIS = YES;
				CLANG_WARN_STRICT_PROTOTYPES = YES;
				CLANG_WARN_SUSPICIOUS_MOVE = YES;
				CLANG_WARN_UNGUARDED_AVAILABILITY = YES_AGGRESSIVE;
				CLANG_WARN_UNREACHABLE_CODE = YES;
				CLANG_WARN__DUPLICATE_METHOD_MATCH = YES;
				COPY_PHASE_STRIP = NO;
				DEBUG_INFORMATION_FORMAT = "dwarf-with-dsym";
				ENABLE_NS_ASSERTIONS = NO;
				ENABLE_STRICT_OBJC_MSGSEND = YES;
				GCC_C_LANGUAGE_STANDARD = gnu11;
				GCC_NO_COMMON_BLOCKS = YES;
				GCC_WARN_64_TO_32_BIT_CONVERSION = YES;
				GCC_WARN_ABOUT_RETURN_TYPE = YES_ERROR;
				GCC_WARN_UNDECLARED_SELECTOR = YES;
				GCC_WARN_UNINITIALIZED_AUTOS = YES_AGGRESSIVE;
				GCC_WARN_UNUSED_FUNCTION = YES;
				GCC_WARN_UNUSED_VARIABLE = YES;
				IPHONEOS_DEPLOYMENT_TARGET = 15.0;
				MTL_ENABLE_DEBUG_INFO = NO;
				MTL_FAST_MATH = YES;
				SDKROOT = iphoneos;
				SWIFT_COMPILATION_MODE = wholemodule;
				SWIFT_OPTIMIZATION_LEVEL = "-O";
				VALIDATE_PRODUCT = YES;
			};
			name = Release;
		};
		7A765FF62721E2660055E17B /* Debug */ = {
			isa = XCBuildConfiguration;
			buildSettings = {
				ASSETCATALOG_COMPILER_APPICON_NAME = AppIcon;
				ASSETCATALOG_COMPILER_GLOBAL_ACCENT_COLOR_NAME = AccentColor;
				CODE_SIGN_STYLE = Automatic;
				CURRENT_PROJECT_VERSION = 1;
				DEVELOPMENT_ASSET_PATHS = "\"SwiftUILearning/Preview Content\"";
				DEVELOPMENT_TEAM = LA6FA5G5XC;
				ENABLE_PREVIEWS = YES;
				GENERATE_INFOPLIST_FILE = YES;
				INFOPLIST_FILE = SwiftUILearning/Environment/Info.plist;
				INFOPLIST_KEY_UIApplicationSupportsIndirectInputEvents = YES;
				INFOPLIST_KEY_UILaunchScreen_Generation = YES;
				INFOPLIST_KEY_UISupportedInterfaceOrientations_iPad = "UIInterfaceOrientationPortrait UIInterfaceOrientationPortraitUpsideDown UIInterfaceOrientationLandscapeLeft UIInterfaceOrientationLandscapeRight";
				INFOPLIST_KEY_UISupportedInterfaceOrientations_iPhone = "UIInterfaceOrientationPortrait UIInterfaceOrientationLandscapeLeft UIInterfaceOrientationLandscapeRight";
				IPHONEOS_DEPLOYMENT_TARGET = 14.0;
				LD_RUNPATH_SEARCH_PATHS = (
					"$(inherited)",
					"@executable_path/Frameworks",
				);
				MARKETING_VERSION = 1.0;
				PRODUCT_BUNDLE_IDENTIFIER = com.aksilont.SwiftUILearning;
				PRODUCT_NAME = "$(TARGET_NAME)";
				SWIFT_EMIT_LOC_STRINGS = YES;
				SWIFT_VERSION = 5.0;
				TARGETED_DEVICE_FAMILY = "1,2";
			};
			name = Debug;
		};
		7A765FF72721E2660055E17B /* Release */ = {
			isa = XCBuildConfiguration;
			buildSettings = {
				ASSETCATALOG_COMPILER_APPICON_NAME = AppIcon;
				ASSETCATALOG_COMPILER_GLOBAL_ACCENT_COLOR_NAME = AccentColor;
				CODE_SIGN_STYLE = Automatic;
				CURRENT_PROJECT_VERSION = 1;
				DEVELOPMENT_ASSET_PATHS = "\"SwiftUILearning/Preview Content\"";
				DEVELOPMENT_TEAM = LA6FA5G5XC;
				ENABLE_PREVIEWS = YES;
				GENERATE_INFOPLIST_FILE = YES;
				INFOPLIST_FILE = SwiftUILearning/Environment/Info.plist;
				INFOPLIST_KEY_UIApplicationSupportsIndirectInputEvents = YES;
				INFOPLIST_KEY_UILaunchScreen_Generation = YES;
				INFOPLIST_KEY_UISupportedInterfaceOrientations_iPad = "UIInterfaceOrientationPortrait UIInterfaceOrientationPortraitUpsideDown UIInterfaceOrientationLandscapeLeft UIInterfaceOrientationLandscapeRight";
				INFOPLIST_KEY_UISupportedInterfaceOrientations_iPhone = "UIInterfaceOrientationPortrait UIInterfaceOrientationLandscapeLeft UIInterfaceOrientationLandscapeRight";
				IPHONEOS_DEPLOYMENT_TARGET = 14.0;
				LD_RUNPATH_SEARCH_PATHS = (
					"$(inherited)",
					"@executable_path/Frameworks",
				);
				MARKETING_VERSION = 1.0;
				PRODUCT_BUNDLE_IDENTIFIER = com.aksilont.SwiftUILearning;
				PRODUCT_NAME = "$(TARGET_NAME)";
				SWIFT_EMIT_LOC_STRINGS = YES;
				SWIFT_VERSION = 5.0;
				TARGETED_DEVICE_FAMILY = "1,2";
			};
			name = Release;
		};
/* End XCBuildConfiguration section */

/* Begin XCConfigurationList section */
		7A765FE22721E2630055E17B /* Build configuration list for PBXProject "SwiftUILearning" */ = {
			isa = XCConfigurationList;
			buildConfigurations = (
				7A765FF32721E2660055E17B /* Debug */,
				7A765FF42721E2660055E17B /* Release */,
			);
			defaultConfigurationIsVisible = 0;
			defaultConfigurationName = Release;
		};
		7A765FF52721E2660055E17B /* Build configuration list for PBXNativeTarget "SwiftUILearning" */ = {
			isa = XCConfigurationList;
			buildConfigurations = (
				7A765FF62721E2660055E17B /* Debug */,
				7A765FF72721E2660055E17B /* Release */,
			);
			defaultConfigurationIsVisible = 0;
			defaultConfigurationName = Release;
		};
/* End XCConfigurationList section */

/* Begin XCRemoteSwiftPackageReference section */
		7A5AA9DB2738470D00A875C0 /* XCRemoteSwiftPackageReference "Kingfisher" */ = {
			isa = XCRemoteSwiftPackageReference;
			repositoryURL = "https://github.com/onevcat/Kingfisher";
			requirement = {
				kind = upToNextMajorVersion;
				minimumVersion = 7.0.0;
			};
		};
/* End XCRemoteSwiftPackageReference section */

/* Begin XCSwiftPackageProductDependency section */
		7A5AA9DC2738470D00A875C0 /* Kingfisher */ = {
			isa = XCSwiftPackageProductDependency;
			package = 7A5AA9DB2738470D00A875C0 /* XCRemoteSwiftPackageReference "Kingfisher" */;
			productName = Kingfisher;
		};
/* End XCSwiftPackageProductDependency section */
	};
	rootObject = 7A765FDF2721E2630055E17B /* Project object */;
}
